{
  "version": 4,
  "terraform_version": "1.6.0",
  "serial": 5,
  "lineage": "complex-lineage-789",
  "outputs": {
    "vpc_id": {
      "value": "vpc-0123456789abcdef0",
      "type": "string"
    },
    "instance_ips": {
      "value": ["10.0.1.10", "10.0.2.20"],
      "type": ["tuple", ["string", "string"]]
    }
  },
  "resources": [
    {
      "mode": "managed",
      "type": "aws_instance",
      "name": "web",
      "provider": "provider[\"registry.terraform.io/hashicorp/aws\"]",
      "instances": [
        {
          "index_key": 0,
          "schema_version": 1,
          "attributes": {
            "id": "i-111111111aaaaaaa1",
            "instance_type": "t3.small",
            "ami": "ami-11111111",
            "availability_zone": "us-west-2a",
            "subnet_id": "subnet-1111111111111111a",
            "private_ip": "10.0.1.10",
            "public_ip": "203.0.113.10",
            "security_groups": ["sg-1111111111111111a"],
            "tags": {
              "Name": "web-server-1",
              "Environment": "production",
              "Role": "webserver",
              "Index": "0"
            },
            "user_data": "#!/bin/bash\napt-get update\napt-get install -y nginx\n",
            "created_time": "2024-01-15T10:30:00Z"
          },
          "dependencies": ["aws_subnet.public", "aws_security_group.web"]
        },
        {
          "index_key": 1,
          "schema_version": 1,
          "attributes": {
            "id": "i-222222222bbbbbbbb2",
            "instance_type": "t3.small",
            "ami": "ami-11111111",
            "availability_zone": "us-west-2b",
            "subnet_id": "subnet-2222222222222222b",
            "private_ip": "10.0.2.20",
            "public_ip": "203.0.113.20",
            "security_groups": ["sg-1111111111111111a"],
            "tags": {
              "Name": "web-server-2",
              "Environment": "production",
              "Role": "webserver",
              "Index": "1"
            },
            "user_data": "#!/bin/bash\napt-get update\napt-get install -y nginx\n",
            "created_time": "2024-01-15T10:32:00Z"
          },
          "dependencies": ["aws_subnet.public", "aws_security_group.web"]
        }
      ]
    },
    {
      "mode": "managed",
      "type": "aws_rds_instance",
      "name": "database",
      "provider": "provider[\"registry.terraform.io/hashicorp/aws\"]",
      "instances": [
        {
          "schema_version": 1,
          "attributes": {
            "id": "wgo-prod-database",
            "identifier": "wgo-prod-database",
            "engine": "mysql",
            "engine_version": "8.0.35",
            "instance_class": "db.t3.micro",
            "allocated_storage": 20,
            "storage_type": "gp2",
            "db_name": "wgo_production",
            "username": "admin",
            "password": "[SENSITIVE]",
            "vpc_security_group_ids": ["sg-3333333333333333c"],
            "db_subnet_group_name": "wgo-db-subnet-group",
            "availability_zone": "us-west-2a",
            "backup_retention_period": 7,
            "backup_window": "03:00-04:00",
            "maintenance_window": "sun:04:00-sun:05:00",
            "tags": {
              "Name": "Production Database",
              "Environment": "production",
              "BackupSchedule": "daily"
            },
            "created_time": "2024-01-15T09:00:00Z",
            "last_modified": "2024-01-20T14:30:00Z"
          },
          "dependencies": ["aws_db_subnet_group.main", "aws_security_group.database"]
        }
      ]
    },
    {
      "mode": "managed",
      "type": "aws_lambda_function",
      "name": "api",
      "provider": "provider[\"registry.terraform.io/hashicorp/aws\"]",
      "instances": [
        {
          "schema_version": 1,
          "attributes": {
            "id": "wgo-api-function",
            "arn": "arn:aws:lambda:us-west-2:123456789012:function:wgo-api-function",
            "function_name": "wgo-api-function",
            "runtime": "python3.9",
            "handler": "lambda_function.lambda_handler",
            "memory_size": 128,
            "timeout": 30,
            "environment": {
              "variables": {
                "DATABASE_URL": "mysql://admin:***@wgo-prod-database.cluster-xyz.us-west-2.rds.amazonaws.com/wgo_production",
                "ENVIRONMENT": "production"
              }
            },
            "tags": {
              "Name": "API Function",
              "Environment": "production",
              "Runtime": "python3.9"
            },
            "created_time": "2024-01-15T11:00:00Z",
            "last_modified": "2024-01-18T16:45:00Z",
            "version": "$LATEST"
          },
          "dependencies": ["aws_iam_role.lambda_role"]
        }
      ]
    },
    {
      "mode": "data",
      "type": "aws_availability_zones",
      "name": "available",
      "provider": "provider[\"registry.terraform.io/hashicorp/aws\"]",
      "instances": [
        {
          "schema_version": 0,
          "attributes": {
            "id": "us-west-2",
            "names": ["us-west-2a", "us-west-2b", "us-west-2c"],
            "state": "available"
          }
        }
      ]
    }
  ]
}