{
  "version": 3,
  "terraform_version": "0.11.14",
  "serial": 1,
  "lineage": "legacy-lineage-456",
  "modules": [
    {
      "path": ["root"],
      "outputs": {},
      "resources": {
        "aws_instance.app": {
          "type": "aws_instance",
          "depends_on": [],
          "primary": {
            "id": "i-0987654321fedcba0",
            "attributes": {
              "id": "i-0987654321fedcba0",
              "instance_type": "t2.small",
              "ami": "ami-87654321",
              "availability_zone": "us-east-1a",
              "private_ip": "172.31.1.50",
              "public_ip": "198.51.100.42",
              "tags.Name": "app-server",
              "tags.Environment": "staging"
            },
            "meta": {},
            "tainted": false
          },
          "deposed": [],
          "provider": "provider.aws"
        },
        "aws_s3_bucket.logs": {
          "type": "aws_s3_bucket",
          "depends_on": [],
          "primary": {
            "id": "wgo-legacy-logs-bucket",
            "attributes": {
              "id": "wgo-legacy-logs-bucket",
              "bucket": "wgo-legacy-logs-bucket",
              "region": "us-east-1",
              "tags.Name": "Logs Bucket",
              "tags.Environment": "staging"
            },
            "meta": {},
            "tainted": false
          },
          "deposed": [],
          "provider": "provider.aws"
        }
      },
      "depends_on": []
    }
  ]
}