{
  "version": 4,
  "terraform_version": "1.5.0",
  "serial": 1,
  "lineage": "test-lineage-123",
  "outputs": {},
  "resources": [
    {
      "mode": "managed",
      "type": "aws_instance",
      "name": "web",
      "provider": "provider[\"registry.terraform.io/hashicorp/aws\"]",
      "instances": [
        {
          "schema_version": 1,
          "attributes": {
            "id": "i-1234567890abcdef0",
            "instance_type": "t3.micro",
            "ami": "ami-12345678",
            "availability_zone": "us-west-2a",
            "private_ip": "10.0.1.100",
            "public_ip": "203.0.113.12",
            "tags": {
              "Name": "web-server",
              "Environment": "production",
              "Project": "wgo-test"
            }
          },
          "dependencies": []
        }
      ]
    },
    {
      "mode": "managed",
      "type": "aws_s3_bucket",
      "name": "data",
      "provider": "provider[\"registry.terraform.io/hashicorp/aws\"]",
      "instances": [
        {
          "schema_version": 0,
          "attributes": {
            "id": "wgo-test-data-bucket",
            "bucket": "wgo-test-data-bucket",
            "region": "us-west-2",
            "versioning": {
              "enabled": true,
              "mfa_delete": false
            },
            "tags": {
              "Name": "Data Bucket",
              "Environment": "production"
            }
          },
          "dependencies": []
        }
      ]
    },
    {
      "mode": "managed",
      "type": "aws_vpc",
      "name": "main",
      "provider": "provider[\"registry.terraform.io/hashicorp/aws\"]",
      "instances": [
        {
          "schema_version": 1,
          "attributes": {
            "id": "vpc-1234567890abcdef0",
            "cidr_block": "10.0.0.0/16",
            "enable_dns_hostnames": true,
            "enable_dns_support": true,
            "tags": {
              "Name": "Main VPC",
              "Environment": "production"
            }
          },
          "dependencies": []
        }
      ]
    },
    {
      "mode": "managed",
      "type": "aws_security_group",
      "name": "web",
      "provider": "provider[\"registry.terraform.io/hashicorp/aws\"]",
      "instances": [
        {
          "schema_version": 1,
          "attributes": {
            "id": "sg-1234567890abcdef0",
            "name": "web-security-group",
            "description": "Security group for web servers",
            "vpc_id": "vpc-1234567890abcdef0",
            "ingress": [
              {
                "from_port": 80,
                "to_port": 80,
                "protocol": "tcp",
                "cidr_blocks": ["0.0.0.0/0"]
              },
              {
                "from_port": 443,
                "to_port": 443,
                "protocol": "tcp",
                "cidr_blocks": ["0.0.0.0/0"]
              }
            ],
            "egress": [
              {
                "from_port": 0,
                "to_port": 0,
                "protocol": "-1",
                "cidr_blocks": ["0.0.0.0/0"]
              }
            ],
            "tags": {
              "Name": "Web Security Group",
              "Environment": "production"
            }
          },
          "dependencies": ["aws_vpc.main"]
        }
      ]
    }
  ]
}